
Microsoft Visual Studio Solution File, Format Version 12.00
Project("{FAE04EC0-301F-11D3-BF4B-00C04F79EFBC}") = "Backend", "Backend\Backend.csproj", "{427056A1-83C2-4880-8433-244A9F63397A}"
	ProjectSection(ProjectDependencies) = postProject
		{C201C1D0-57FC-4676-AA22-D3FB9D204B92} = {C201C1D0-57FC-4676-AA22-D3FB9D204B92}
	EndProjectSection
EndProject
Project("{FAE04EC0-301F-11D3-BF4B-00C04F79EFBC}") = "Frontend", "Frontend\Frontend.csproj", "{74D5C186-7FF0-42CD-8DEE-D3912530E66D}"
EndProject
Project("{2150E333-8FDC-42A3-9474-1A3956D46DE8}") = "BuildingBlocks", "BuildingBlocks", "{0027D785-2715-4D87-8C9D-57CA97995C07}"
EndProject
Project("{FAE04EC0-301F-11D3-BF4B-00C04F79EFBC}") = "BuildingBlocks", "BuildingBlocks\BuildingBlocks\BuildingBlocks.csproj", "{C201C1D0-57FC-4676-AA22-D3FB9D204B92}"
EndProject
Project("{2150E333-8FDC-42A3-9474-1A3956D46DE8}") = "Slices", "Slices", "{13B86080-D85C-4B25-8DDB-78392A786837}"
EndProject
Project("{2150E333-8FDC-42A3-9474-1A3956D46DE8}") = "Actuator", "Actuator", "{09766978-7157-4FF7-8CC5-83399DD3CE4C}"
EndProject
Project("{FAE04EC0-301F-11D3-BF4B-00C04F79EFBC}") = "Actuator.Application", "Actuator.Application\Actuator.Application.csproj", "{2C57BD70-3247-4213-91E3-8F59762770F2}"
	ProjectSection(ProjectDependencies) = postProject
		{7DDECA38-2C1D-4A65-9E82-C4421A6422FC} = {7DDECA38-2C1D-4A65-9E82-C4421A6422FC}
	EndProjectSection
EndProject
Project("{FAE04EC0-301F-11D3-BF4B-00C04F79EFBC}") = "Actuator.Domain", "Actuator.Domain\Actuator.Domain.csproj", "{F63CB531-C844-406B-8FB2-45A0A9C7D622}"
EndProject
Project("{FAE04EC0-301F-11D3-BF4B-00C04F79EFBC}") = "Actuator.Infrastructure", "Actuator.Infrastructure\Actuator.Infrastructure.csproj", "{CA2A7D8D-5028-4F4F-B183-C11D35C5CCF2}"
	ProjectSection(ProjectDependencies) = postProject
		{2C57BD70-3247-4213-91E3-8F59762770F2} = {2C57BD70-3247-4213-91E3-8F59762770F2}
	EndProjectSection
EndProject
Project("{2150E333-8FDC-42A3-9474-1A3956D46DE8}") = "Service", "Service", "{920EB14F-728F-4497-B146-872AF871B944}"
EndProject
Project("{FAE04EC0-301F-11D3-BF4B-00C04F79EFBC}") = "LINTest", "LINTest\LINTest.csproj", "{7DDECA38-2C1D-4A65-9E82-C4421A6422FC}"
EndProject
Project("{FAE04EC0-301F-11D3-BF4B-00C04F79EFBC}") = "Frontend.UnitTest", "Frontend.UnitTest\Frontend.UnitTest.csproj", "{059A884A-E89E-4941-8427-A1CA3DA4D37B}"
EndProject
Project("{FAE04EC0-301F-11D3-BF4B-00C04F79EFBC}") = "EndToEndTests", "EndToEndTests\EndToEndTests.csproj", "{B199D6B1-660F-47F0-B937-7E83518DA491}"
EndProject
Project("{FAE04EC0-301F-11D3-BF4B-00C04F79EFBC}") = "Backend.Tests", "Backend.Tests\Backend.Tests.csproj", "{E65858D9-9381-4B95-A2A8-FCB292673DB2}"
EndProject
Project("{FAE04EC0-301F-11D3-BF4B-00C04F79EFBC}") = "Actuator.Tests", "Actuator.Tests\Actuator.Tests.csproj", "{3F5D674A-09B1-416E-B5B3-49102AC90F15}"
EndProject
Project("{2150E333-8FDC-42A3-9474-1A3956D46DE8}") = "TestResult", "TestResult", "{B944BF79-26DB-4593-9F76-05140B7D8163}"
EndProject
Project("{FAE04EC0-301F-11D3-BF4B-00C04F79EFBC}") = "TestResult.Application", "TestResult.Application\TestResult.Application.csproj", "{D3C43FB8-669D-4A69-8DFD-EAFD100BFEF8}"
	ProjectSection(ProjectDependencies) = postProject
		{C201C1D0-57FC-4676-AA22-D3FB9D204B92} = {C201C1D0-57FC-4676-AA22-D3FB9D204B92}
		{42CCC86B-B38B-48F2-B72D-56E7DCA39810} = {42CCC86B-B38B-48F2-B72D-56E7DCA39810}
	EndProjectSection
EndProject
Project("{FAE04EC0-301F-11D3-BF4B-00C04F79EFBC}") = "TestResult.Domain", "TestResult.Domain\TestResult.Domain.csproj", "{42CCC86B-B38B-48F2-B72D-56E7DCA39810}"
EndProject
Project("{FAE04EC0-301F-11D3-BF4B-00C04F79EFBC}") = "TestResult.Infrastructure", "TestResult.Infrastructure\TestResult.Infrastructure.csproj", "{ABA1AF0B-EBA8-4EF0-8C0B-4C4C04728B9D}"
	ProjectSection(ProjectDependencies) = postProject
		{D3C43FB8-669D-4A69-8DFD-EAFD100BFEF8} = {D3C43FB8-669D-4A69-8DFD-EAFD100BFEF8}
		{42CCC86B-B38B-48F2-B72D-56E7DCA39810} = {42CCC86B-B38B-48F2-B72D-56E7DCA39810}
	EndProjectSection
EndProject
Project("{FAE04EC0-301F-11D3-BF4B-00C04F79EFBC}") = "TECHLineService", "TECHLineService\TECHLineService.csproj", "{E0B802FD-C619-4A12-95D1-0BBFA45DCD2C}"
EndProject
Global
	GlobalSection(SolutionConfigurationPlatforms) = preSolution
		Debug|Any CPU = Debug|Any CPU
		Release|Any CPU = Release|Any CPU
	EndGlobalSection
	GlobalSection(ProjectConfigurationPlatforms) = postSolution
		{427056A1-83C2-4880-8433-244A9F63397A}.Debug|Any CPU.ActiveCfg = Debug|Any CPU
		{427056A1-83C2-4880-8433-244A9F63397A}.Debug|Any CPU.Build.0 = Debug|Any CPU
		{427056A1-83C2-4880-8433-244A9F63397A}.Release|Any CPU.ActiveCfg = Release|Any CPU
		{427056A1-83C2-4880-8433-244A9F63397A}.Release|Any CPU.Build.0 = Release|Any CPU
		{74D5C186-7FF0-42CD-8DEE-D3912530E66D}.Debug|Any CPU.ActiveCfg = Debug|Any CPU
		{74D5C186-7FF0-42CD-8DEE-D3912530E66D}.Debug|Any CPU.Build.0 = Debug|Any CPU
		{74D5C186-7FF0-42CD-8DEE-D3912530E66D}.Release|Any CPU.ActiveCfg = Release|Any CPU
		{74D5C186-7FF0-42CD-8DEE-D3912530E66D}.Release|Any CPU.Build.0 = Release|Any CPU
		{C201C1D0-57FC-4676-AA22-D3FB9D204B92}.Debug|Any CPU.ActiveCfg = Debug|Any CPU
		{C201C1D0-57FC-4676-AA22-D3FB9D204B92}.Debug|Any CPU.Build.0 = Debug|Any CPU
		{C201C1D0-57FC-4676-AA22-D3FB9D204B92}.Release|Any CPU.ActiveCfg = Release|Any CPU
		{C201C1D0-57FC-4676-AA22-D3FB9D204B92}.Release|Any CPU.Build.0 = Release|Any CPU
		{2C57BD70-3247-4213-91E3-8F59762770F2}.Debug|Any CPU.ActiveCfg = Debug|Any CPU
		{2C57BD70-3247-4213-91E3-8F59762770F2}.Debug|Any CPU.Build.0 = Debug|Any CPU
		{2C57BD70-3247-4213-91E3-8F59762770F2}.Release|Any CPU.ActiveCfg = Release|Any CPU
		{2C57BD70-3247-4213-91E3-8F59762770F2}.Release|Any CPU.Build.0 = Release|Any CPU
		{F63CB531-C844-406B-8FB2-45A0A9C7D622}.Debug|Any CPU.ActiveCfg = Debug|Any CPU
		{F63CB531-C844-406B-8FB2-45A0A9C7D622}.Debug|Any CPU.Build.0 = Debug|Any CPU
		{F63CB531-C844-406B-8FB2-45A0A9C7D622}.Release|Any CPU.ActiveCfg = Release|Any CPU
		{F63CB531-C844-406B-8FB2-45A0A9C7D622}.Release|Any CPU.Build.0 = Release|Any CPU
		{CA2A7D8D-5028-4F4F-B183-C11D35C5CCF2}.Debug|Any CPU.ActiveCfg = Debug|Any CPU
		{CA2A7D8D-5028-4F4F-B183-C11D35C5CCF2}.Debug|Any CPU.Build.0 = Debug|Any CPU
		{CA2A7D8D-5028-4F4F-B183-C11D35C5CCF2}.Release|Any CPU.ActiveCfg = Release|Any CPU
		{CA2A7D8D-5028-4F4F-B183-C11D35C5CCF2}.Release|Any CPU.Build.0 = Release|Any CPU
		{7DDECA38-2C1D-4A65-9E82-C4421A6422FC}.Debug|Any CPU.ActiveCfg = Debug|Any CPU
		{7DDECA38-2C1D-4A65-9E82-C4421A6422FC}.Debug|Any CPU.Build.0 = Debug|Any CPU
		{7DDECA38-2C1D-4A65-9E82-C4421A6422FC}.Release|Any CPU.ActiveCfg = Release|Any CPU
		{7DDECA38-2C1D-4A65-9E82-C4421A6422FC}.Release|Any CPU.Build.0 = Release|Any CPU
		{B199D6B1-660F-47F0-B937-7E83518DA491}.Debug|Any CPU.ActiveCfg = Debug|Any CPU
		{B199D6B1-660F-47F0-B937-7E83518DA491}.Debug|Any CPU.Build.0 = Debug|Any CPU
		{B199D6B1-660F-47F0-B937-7E83518DA491}.Release|Any CPU.ActiveCfg = Release|Any CPU
		{B199D6B1-660F-47F0-B937-7E83518DA491}.Release|Any CPU.Build.0 = Release|Any CPU
		{059A884A-E89E-4941-8427-A1CA3DA4D37B}.Debug|Any CPU.ActiveCfg = Debug|Any CPU
		{059A884A-E89E-4941-8427-A1CA3DA4D37B}.Debug|Any CPU.Build.0 = Debug|Any CPU
		{059A884A-E89E-4941-8427-A1CA3DA4D37B}.Release|Any CPU.ActiveCfg = Release|Any CPU
		{059A884A-E89E-4941-8427-A1CA3DA4D37B}.Release|Any CPU.Build.0 = Release|Any CPU
		{B199D6B1-660F-47F0-B937-7E83518DA491}.Debug|Any CPU.ActiveCfg = Debug|Any CPU
		{B199D6B1-660F-47F0-B937-7E83518DA491}.Debug|Any CPU.Build.0 = Debug|Any CPU
		{B199D6B1-660F-47F0-B937-7E83518DA491}.Release|Any CPU.ActiveCfg = Release|Any CPU
		{B199D6B1-660F-47F0-B937-7E83518DA491}.Release|Any CPU.Build.0 = Release|Any CPU
		{E65858D9-9381-4B95-A2A8-FCB292673DB2}.Debug|Any CPU.ActiveCfg = Debug|Any CPU
		{E65858D9-9381-4B95-A2A8-FCB292673DB2}.Debug|Any CPU.Build.0 = Debug|Any CPU
		{E65858D9-9381-4B95-A2A8-FCB292673DB2}.Release|Any CPU.ActiveCfg = Release|Any CPU
		{E65858D9-9381-4B95-A2A8-FCB292673DB2}.Release|Any CPU.Build.0 = Release|Any CPU
		{3F5D674A-09B1-416E-B5B3-49102AC90F15}.Debug|Any CPU.ActiveCfg = Debug|Any CPU
		{3F5D674A-09B1-416E-B5B3-49102AC90F15}.Debug|Any CPU.Build.0 = Debug|Any CPU
		{3F5D674A-09B1-416E-B5B3-49102AC90F15}.Release|Any CPU.ActiveCfg = Release|Any CPU
		{3F5D674A-09B1-416E-B5B3-49102AC90F15}.Release|Any CPU.Build.0 = Release|Any CPU
		{D3C43FB8-669D-4A69-8DFD-EAFD100BFEF8}.Debug|Any CPU.ActiveCfg = Debug|Any CPU
		{D3C43FB8-669D-4A69-8DFD-EAFD100BFEF8}.Debug|Any CPU.Build.0 = Debug|Any CPU
		{D3C43FB8-669D-4A69-8DFD-EAFD100BFEF8}.Release|Any CPU.ActiveCfg = Release|Any CPU
		{D3C43FB8-669D-4A69-8DFD-EAFD100BFEF8}.Release|Any CPU.Build.0 = Release|Any CPU
		{42CCC86B-B38B-48F2-B72D-56E7DCA39810}.Debug|Any CPU.ActiveCfg = Debug|Any CPU
		{42CCC86B-B38B-48F2-B72D-56E7DCA39810}.Debug|Any CPU.Build.0 = Debug|Any CPU
		{42CCC86B-B38B-48F2-B72D-56E7DCA39810}.Release|Any CPU.ActiveCfg = Release|Any CPU
		{42CCC86B-B38B-48F2-B72D-56E7DCA39810}.Release|Any CPU.Build.0 = Release|Any CPU
		{ABA1AF0B-EBA8-4EF0-8C0B-4C4C04728B9D}.Debug|Any CPU.ActiveCfg = Debug|Any CPU
		{ABA1AF0B-EBA8-4EF0-8C0B-4C4C04728B9D}.Debug|Any CPU.Build.0 = Debug|Any CPU
		{ABA1AF0B-EBA8-4EF0-8C0B-4C4C04728B9D}.Release|Any CPU.ActiveCfg = Release|Any CPU
		{ABA1AF0B-EBA8-4EF0-8C0B-4C4C04728B9D}.Release|Any CPU.Build.0 = Release|Any CPU
		{E0B802FD-C619-4A12-95D1-0BBFA45DCD2C}.Debug|Any CPU.ActiveCfg = Debug|Any CPU
		{E0B802FD-C619-4A12-95D1-0BBFA45DCD2C}.Debug|Any CPU.Build.0 = Debug|Any CPU
		{E0B802FD-C619-4A12-95D1-0BBFA45DCD2C}.Release|Any CPU.ActiveCfg = Release|Any CPU
		{E0B802FD-C619-4A12-95D1-0BBFA45DCD2C}.Release|Any CPU.Build.0 = Release|Any CPU
	EndGlobalSection
	GlobalSection(NestedProjects) = preSolution
		{C201C1D0-57FC-4676-AA22-D3FB9D204B92} = {0027D785-2715-4D87-8C9D-57CA97995C07}
		{09766978-7157-4FF7-8CC5-83399DD3CE4C} = {13B86080-D85C-4B25-8DDB-78392A786837}
		{2C57BD70-3247-4213-91E3-8F59762770F2} = {09766978-7157-4FF7-8CC5-83399DD3CE4C}
		{F63CB531-C844-406B-8FB2-45A0A9C7D622} = {09766978-7157-4FF7-8CC5-83399DD3CE4C}
		{CA2A7D8D-5028-4F4F-B183-C11D35C5CCF2} = {09766978-7157-4FF7-8CC5-83399DD3CE4C}
		{920EB14F-728F-4497-B146-872AF871B944} = {13B86080-D85C-4B25-8DDB-78392A786837}
		{7DDECA38-2C1D-4A65-9E82-C4421A6422FC} = {920EB14F-728F-4497-B146-872AF871B944}
		{3F5D674A-09B1-416E-B5B3-49102AC90F15} = {09766978-7157-4FF7-8CC5-83399DD3CE4C}
		{B944BF79-26DB-4593-9F76-05140B7D8163} = {13B86080-D85C-4B25-8DDB-78392A786837}
		{D3C43FB8-669D-4A69-8DFD-EAFD100BFEF8} = {B944BF79-26DB-4593-9F76-05140B7D8163}
		{42CCC86B-B38B-48F2-B72D-56E7DCA39810} = {B944BF79-26DB-4593-9F76-05140B7D8163}
		{ABA1AF0B-EBA8-4EF0-8C0B-4C4C04728B9D} = {B944BF79-26DB-4593-9F76-05140B7D8163}
		{E0B802FD-C619-4A12-95D1-0BBFA45DCD2C} = {920EB14F-728F-4497-B146-872AF871B944}
	EndGlobalSection
EndGlobal
